{
  "name": "@regulaforensics/facesdk-webclient-example",
  "lockfileVersion": 3,
  "requires": true,
  "packages": {
    "": {
      "name": "@regulaforensics/facesdk-webclient-example",
      "dependencies": {
        "@regulaforensics/facesdk-webclient": "file:../../../"
      }
    },
    "../../..": {
      "version": "1.2.0-beta.0",
      "license": "MIT",
      "dependencies": {
        "@swc/helpers": "^0.5.3",
        "axios": "^1.6.0",
        "base64-arraybuffer": "^1.0.2"
      },
      "devDependencies": {
        "@parcel/packager-ts": "^2.10.0",
        "@parcel/transformer-typescript-types": "^2.10.0",
        "@types/node": "^12.11.5",
        "@typescript-eslint/eslint-plugin": "^5.38.0",
        "@typescript-eslint/parser": "^5.38.0",
        "eslint": "^8.51.0",
        "eslint-config-prettier": "^9.0.0",
        "eslint-plugin-prettier": "^5.0.0",
        "eslint-plugin-unused-imports": "^2.0.0",
        "husky": "^8.0.3",
        "lint-staged": "^15.0.2",
        "parcel": "^2.10.0",
        "typescript": "^5.2.2"
      }
    },
    "node_modules/@regulaforensics/facesdk-webclient": {
      "resolved": "../../..",
      "link": true
    }
  }
}
