{
  "name": "@regulaforensics/facesdk-webclient-example",
  "lockfileVersion": 3,
  "requires": true,
  "packages": {
    "": {
      "name": "@regulaforensics/facesdk-webclient-example",
      "dependencies": {
        "@regulaforensics/facesdk-webclient": "file:../../.."
      }
    },
    "../../..": {
      "name": "@regulaforensics/facesdk-webclient",
      "version": "0.0.0",
      "license": "MIT",
      "dependencies": {
        "axios": "^1.12.2",
        "base64-arraybuffer": "^1.0.2"
      },
      "devDependencies": {
        "@eslint/js": "^9.35.0",
        "@types/node": "^24.3.1",
        "eslint": "^9.35.0",
        "eslint-config-prettier": "^10.1.8",
        "eslint-plugin-prettier": "^5.5.4",
        "globals": "^16.4.0",
        "husky": "^9.1.7",
        "lint-staged": "^16.1.6",
        "prettier": "^3.6.2",
        "typescript": "^5.9.2",
        "typescript-eslint": "^8.43.0",
        "vite": "^7.1.5",
        "vite-plugin-dts": "^4.5.4"
      }
    },
    "node_modules/@regulaforensics/facesdk-webclient": {
      "resolved": "../../..",
      "link": true
    }
  }
}
