{
  "name": "@regulaforensics/facesdk-webclient-example",
  "lockfileVersion": 2,
  "requires": true,
  "packages": {
    "": {
      "name": "@regulaforensics/facesdk-webclient-example",
      "dependencies": {
        "@regulaforensics/facesdk-webclient": "file:../.."
      }
    },
    "..": {
      "name": "@regulaforensics/facesdk-webclient",
      "version": "1.2.0-beta.0",
      "extraneous": true,
      "license": "MIT",
      "dependencies": {
        "axios": "^0.21.1",
        "base64-arraybuffer": "^0.2.0"
      },
      "devDependencies": {
        "@types/node": "^12.11.5",
        "@typescript-eslint/eslint-plugin": "^3.5.0",
        "@typescript-eslint/parser": "^3.5.0",
        "eslint": "^7.4.0",
        "eslint-plugin-unused-imports": "^0.1.3",
        "typescript": "^3.9.6"
      }
    },
    "../..": {
      "name": "@regulaforensics/facesdk-webclient",
      "version": "1.2.0-beta.0",
      "license": "MIT",
      "dependencies": {
        "axios": "^0.21.1",
        "base64-arraybuffer": "^0.2.0"
      },
      "devDependencies": {
        "@types/node": "^12.11.5",
        "@typescript-eslint/eslint-plugin": "^3.5.0",
        "@typescript-eslint/parser": "^3.5.0",
        "eslint": "^7.4.0",
        "eslint-plugin-unused-imports": "^0.1.3",
        "typescript": "^3.9.6"
      }
    },
    "node_modules/@regulaforensics/facesdk-webclient": {
      "resolved": "../..",
      "link": true
    }
  },
  "dependencies": {
    "@regulaforensics/facesdk-webclient": {
      "version": "file:../..",
      "requires": {
        "@types/node": "^12.11.5",
        "@typescript-eslint/eslint-plugin": "^3.5.0",
        "@typescript-eslint/parser": "^3.5.0",
        "axios": "^0.21.1",
        "base64-arraybuffer": "^0.2.0",
        "eslint": "^7.4.0",
        "eslint-plugin-unused-imports": "^0.1.3",
        "typescript": "^3.9.6"
      }
    }
  }
}
